{
  "projects": [
    {
      "projectId": "9Vr5YWkf3w7jj6SsTcCEta",
      "version": "0.3.0",
      "dependencies": {},
      "lang": "js",
      "fileLocks": [
        {
          "assetId": "9Vr5YWkf3w7jj6SsTcCEta",
          "type": "projectCss",
          "checksum": "e1ec850476829c38b0f9b6d4f7ac446a"
        }
      ],
      "codegenVersion": "0.0.1"
    },
    {
      "projectId": "jkU633o1Cz7HrJdwdxhVHk",
      "version": "16.1.2",
      "dependencies": {},
      "lang": "js",
      "fileLocks": [
        {
          "assetId": "jkU633o1Cz7HrJdwdxhVHk",
          "type": "projectCss",
          "checksum": "e1ec850476829c38b0f9b6d4f7ac446a"
        }
      ],
      "codegenVersion": "0.0.1"
    },
    {
      "projectId": "kS7YGZfVr6mU43XDQjXELc",
      "version": "0.10.0",
      "dependencies": {},
      "lang": "js",
      "fileLocks": [
        {
          "assetId": "kS7YGZfVr6mU43XDQjXELc",
          "type": "projectCss",
          "checksum": "e1ec850476829c38b0f9b6d4f7ac446a"
        }
      ],
      "codegenVersion": "0.0.1"
    },
    {
      "projectId": "ohDidvG9XsCeFumugENU3J",
      "version": "6.2.0",
      "dependencies": {},
      "lang": "js",
      "fileLocks": [
        {
          "assetId": "ohDidvG9XsCeFumugENU3J",
          "type": "projectCss",
          "checksum": "fd83b730367fdbde2c69bc6cf31c2a3c"
        },
        {
          "assetId": "ohDidvG9XsCeFumugENU3J",
          "checksum": "9edd6de3249e8ce87ee98f963fba1736",
          "type": "globalContexts"
        }
      ],
      "codegenVersion": "0.0.1"
    },
    {
      "projectId": "4WdhSVfyEYnextDzQgbzVw",
      "version": "latest",
      "dependencies": {
        "ohDidvG9XsCeFumugENU3J": "6.2.0",
        "kS7YGZfVr6mU43XDQjXELc": "0.10.0",
        "jkU633o1Cz7HrJdwdxhVHk": "16.1.2",
        "9Vr5YWkf3w7jj6SsTcCEta": "0.3.0"
      },
      "lang": "js",
      "fileLocks": [
        {
          "type": "globalVariant",
          "assetId": "9mfIAg66eL9T",
          "checksum": "a753abffcaebfd6139c2df4ebf7497a1"
        },
        {
          "assetId": "4WdhSVfyEYnextDzQgbzVw",
          "type": "projectCss",
          "checksum": "17d456714f73fe40f2ebb09cf19651d8"
        },
        {
          "assetId": "4WdhSVfyEYnextDzQgbzVw",
          "checksum": "6a1b686f8f4bf2f1d6bb2cc18a8e442d",
          "type": "globalContexts"
        },
        {
          "type": "renderModule",
          "assetId": "rZP9tESvAibI",
          "checksum": "bac08a1d80c8233b055701ba8b6c9bd3"
        },
        {
          "type": "cssRules",
          "assetId": "rZP9tESvAibI",
          "checksum": "bac08a1d80c8233b055701ba8b6c9bd3"
        },
        {
          "type": "renderModule",
          "assetId": "u7rHC_8tubwj",
          "checksum": "fe6cf2355011b5f9403c66a7fabb0bb2"
        },
        {
          "type": "cssRules",
          "assetId": "u7rHC_8tubwj",
          "checksum": "fe6cf2355011b5f9403c66a7fabb0bb2"
        },
        {
          "type": "renderModule",
          "assetId": "LrMlJbA51Lb0",
          "checksum": "35714b2dfa8513104e97e721471ba24e"
        },
        {
          "type": "cssRules",
          "assetId": "LrMlJbA51Lb0",
          "checksum": "35714b2dfa8513104e97e721471ba24e"
        },
        {
          "type": "renderModule",
          "assetId": "6dYjM5-mWpZT",
          "checksum": "0b743694f15f2ef0ca98f555efea9df5"
        },
        {
          "type": "cssRules",
          "assetId": "6dYjM5-mWpZT",
          "checksum": "0b743694f15f2ef0ca98f555efea9df5"
        },
        {
          "type": "renderModule",
          "assetId": "790e77KXjH90",
          "checksum": "fc0b1018a5354a07856a14148da53f80"
        },
        {
          "type": "cssRules",
          "assetId": "790e77KXjH90",
          "checksum": "fc0b1018a5354a07856a14148da53f80"
        },
        {
          "type": "renderModule",
          "assetId": "ZFyWojTwSdL7",
          "checksum": "72d1462a85fd79b3967c76104704cbff"
        },
        {
          "type": "cssRules",
          "assetId": "ZFyWojTwSdL7",
          "checksum": "72d1462a85fd79b3967c76104704cbff"
        },
        {
          "type": "renderModule",
          "assetId": "dbO9kLlYIoHI",
          "checksum": "4271950c209a959226c419cf675a46b2"
        },
        {
          "type": "cssRules",
          "assetId": "dbO9kLlYIoHI",
          "checksum": "4271950c209a959226c419cf675a46b2"
        },
        {
          "type": "renderModule",
          "assetId": "XH3Cdzyp7IUZ",
          "checksum": "c5e18e47fdd42c79d613acd9d03e823d"
        },
        {
          "type": "cssRules",
          "assetId": "XH3Cdzyp7IUZ",
          "checksum": "c5e18e47fdd42c79d613acd9d03e823d"
        },
        {
          "type": "renderModule",
          "assetId": "MGAad-_nMfUW",
          "checksum": "4b86f6f091b953e070dfbb008a0a68fc"
        },
        {
          "type": "cssRules",
          "assetId": "MGAad-_nMfUW",
          "checksum": "4b86f6f091b953e070dfbb008a0a68fc"
        },
        {
          "type": "renderModule",
          "assetId": "Bhp4su44JpeP",
          "checksum": "d4b86ee37104d3f6b922c64407d083e0"
        },
        {
          "type": "cssRules",
          "assetId": "Bhp4su44JpeP",
          "checksum": "d4b86ee37104d3f6b922c64407d083e0"
        },
        {
          "type": "renderModule",
          "assetId": "76Byxvt0f21f",
          "checksum": "971771f0983e8a00fd3d3bfb5a77b0a2"
        },
        {
          "type": "cssRules",
          "assetId": "76Byxvt0f21f",
          "checksum": "971771f0983e8a00fd3d3bfb5a77b0a2"
        },
        {
          "type": "renderModule",
          "assetId": "PTFjTPQ8SE6c",
          "checksum": "28e92a4abc14d4ac5a9a299a0fc30d47"
        },
        {
          "type": "cssRules",
          "assetId": "PTFjTPQ8SE6c",
          "checksum": "28e92a4abc14d4ac5a9a299a0fc30d47"
        },
        {
          "type": "renderModule",
          "assetId": "M6f8TVuHxw-J",
          "checksum": "4b062c0780f3b1e9d806160829bfabfb"
        },
        {
          "type": "cssRules",
          "assetId": "M6f8TVuHxw-J",
          "checksum": "4b062c0780f3b1e9d806160829bfabfb"
        },
        {
          "type": "icon",
          "assetId": "CgBqLcymFBCF",
          "checksum": "a229d30839da82fbe8dea2e9ac5b3be9"
        },
        {
          "type": "icon",
          "assetId": "YMj6hslVtZDL",
          "checksum": "dca4ab9480364ed28d88f5a2a4a2b13d"
        },
        {
          "type": "icon",
          "assetId": "nEg9FfIgp9AM",
          "checksum": "caa48a5dc1aaddf65bca8ea3be01b4cb"
        },
        {
          "type": "icon",
          "assetId": "j1_vJR3Z6Let",
          "checksum": "7a12c520349c6f7c819483d4ce67cd7f"
        },
        {
          "type": "icon",
          "assetId": "X5cuTmL4JeiK",
          "checksum": "81f2690d6bf43a97d67a6c9a51eada2b"
        },
        {
          "type": "icon",
          "assetId": "Fj3_pwaAADQ8",
          "checksum": "4d8ce1bac45276707cdd19a2c9cdead1"
        },
        {
          "type": "icon",
          "assetId": "wK3DMlMfzzVn",
          "checksum": "9884f9343bf7137553ea79f78eb2e416"
        },
        {
          "type": "icon",
          "assetId": "p55FJ-BRODQI",
          "checksum": "be38a9938e5e934ca1a6757c7ab6b2a7"
        },
        {
          "type": "icon",
          "assetId": "-Hl_WB_vRe_d",
          "checksum": "a4d32864745099c45e42bfcb8f557852"
        },
        {
          "type": "icon",
          "assetId": "weFgsDumIobu",
          "checksum": "1535877abe44c5c00b62ba92a938851f"
        },
        {
          "type": "icon",
          "assetId": "t-zShSNNSTA6",
          "checksum": "ca75839975bd6560b4067050e26ae8be"
        },
        {
          "type": "icon",
          "assetId": "sN7EKKcgAhB7",
          "checksum": "bea11ed2a61720b5f3c7c6a15666a448"
        },
        {
          "type": "image",
          "assetId": "TtvTCWTfDJss",
          "checksum": "6453a974864dcb8278e8ec33072eb500"
        },
        {
          "type": "image",
          "assetId": "MuE9olh_wXMc",
          "checksum": "6373594be01860e334fd572371b7231d"
        },
        {
          "type": "image",
          "assetId": "apwxoCDFgSQ5",
          "checksum": "946d90fee2dd1f8e6b75b1604783eee0"
        }
      ],
      "codegenVersion": "0.0.1"
    }
  ],
  "cliVersion": "0.1.311"
}
