{
  "projects": [
    {
      "projectId": "9Vr5YWkf3w7jj6SsTcCEta",
      "version": "0.3.0",
      "dependencies": {},
      "lang": "js",
      "fileLocks": [
        {
          "assetId": "9Vr5YWkf3w7jj6SsTcCEta",
          "type": "projectCss",
          "checksum": "e1ec850476829c38b0f9b6d4f7ac446a"
        }
      ],
      "codegenVersion": "0.0.1"
    },
    {
      "projectId": "jkU633o1Cz7HrJdwdxhVHk",
      "version": "16.1.2",
      "dependencies": {},
      "lang": "js",
      "fileLocks": [
        {
          "assetId": "jkU633o1Cz7HrJdwdxhVHk",
          "type": "projectCss",
          "checksum": "e1ec850476829c38b0f9b6d4f7ac446a"
        }
      ],
      "codegenVersion": "0.0.1"
    },
    {
      "projectId": "kS7YGZfVr6mU43XDQjXELc",
      "version": "0.10.0",
      "dependencies": {},
      "lang": "js",
      "fileLocks": [
        {
          "assetId": "kS7YGZfVr6mU43XDQjXELc",
          "type": "projectCss",
          "checksum": "e1ec850476829c38b0f9b6d4f7ac446a"
        }
      ],
      "codegenVersion": "0.0.1"
    },
    {
      "projectId": "ohDidvG9XsCeFumugENU3J",
      "version": "6.4.0",
      "dependencies": {},
      "lang": "js",
      "fileLocks": [
        {
          "assetId": "ohDidvG9XsCeFumugENU3J",
          "checksum": "9edd6de3249e8ce87ee98f963fba1736",
          "type": "globalContexts"
        },
        {
          "assetId": "ohDidvG9XsCeFumugENU3J",
          "type": "projectCss",
          "checksum": "fd83b730367fdbde2c69bc6cf31c2a3c"
        }
      ],
      "codegenVersion": "0.0.1"
    },
    {
      "projectId": "4WdhSVfyEYnextDzQgbzVw",
      "version": "latest",
      "dependencies": {
        "ohDidvG9XsCeFumugENU3J": "6.4.0",
        "kS7YGZfVr6mU43XDQjXELc": "0.10.0",
        "jkU633o1Cz7HrJdwdxhVHk": "16.1.2",
        "9Vr5YWkf3w7jj6SsTcCEta": "0.3.0"
      },
      "lang": "js",
      "fileLocks": [
        {
          "type": "globalVariant",
          "assetId": "9mfIAg66eL9T",
          "checksum": "a753abffcaebfd6139c2df4ebf7497a1"
        },
        {
          "assetId": "4WdhSVfyEYnextDzQgbzVw",
          "checksum": "c6334db48f5e2b10ad46590f4e04186d",
          "type": "globalContexts"
        },
        {
          "type": "renderModule",
          "assetId": "rZP9tESvAibI",
          "checksum": "c5bf126e0b7c17cc81b660d7ea4ab6f1"
        },
        {
          "type": "cssRules",
          "assetId": "rZP9tESvAibI",
          "checksum": "c5bf126e0b7c17cc81b660d7ea4ab6f1"
        },
        {
          "type": "renderModule",
          "assetId": "u7rHC_8tubwj",
          "checksum": "e6507b7d552eaa41b384e51ef1c26e4d"
        },
        {
          "type": "cssRules",
          "assetId": "u7rHC_8tubwj",
          "checksum": "e6507b7d552eaa41b384e51ef1c26e4d"
        },
        {
          "type": "renderModule",
          "assetId": "LrMlJbA51Lb0",
          "checksum": "c089f8329dc2d7a2028de22c0e923c39"
        },
        {
          "type": "cssRules",
          "assetId": "LrMlJbA51Lb0",
          "checksum": "c089f8329dc2d7a2028de22c0e923c39"
        },
        {
          "type": "renderModule",
          "assetId": "6dYjM5-mWpZT",
          "checksum": "b190f1a447b2c9ca25449824165445ec"
        },
        {
          "type": "cssRules",
          "assetId": "6dYjM5-mWpZT",
          "checksum": "b190f1a447b2c9ca25449824165445ec"
        },
        {
          "type": "renderModule",
          "assetId": "790e77KXjH90",
          "checksum": "9e345304878e5258d99c357ae5ecbe89"
        },
        {
          "type": "cssRules",
          "assetId": "790e77KXjH90",
          "checksum": "9e345304878e5258d99c357ae5ecbe89"
        },
        {
          "type": "renderModule",
          "assetId": "ZFyWojTwSdL7",
          "checksum": "8469554af30081dfef21c7e63d9b0641"
        },
        {
          "type": "cssRules",
          "assetId": "ZFyWojTwSdL7",
          "checksum": "8469554af30081dfef21c7e63d9b0641"
        },
        {
          "type": "renderModule",
          "assetId": "dbO9kLlYIoHI",
          "checksum": "89eb5dfe14bede3191a94ac65280fce5"
        },
        {
          "type": "cssRules",
          "assetId": "dbO9kLlYIoHI",
          "checksum": "89eb5dfe14bede3191a94ac65280fce5"
        },
        {
          "type": "renderModule",
          "assetId": "XH3Cdzyp7IUZ",
          "checksum": "1fea6efb90b503e1b0e45d877de17bf6"
        },
        {
          "type": "cssRules",
          "assetId": "XH3Cdzyp7IUZ",
          "checksum": "1fea6efb90b503e1b0e45d877de17bf6"
        },
        {
          "type": "renderModule",
          "assetId": "MGAad-_nMfUW",
          "checksum": "88724f1c91e98af6583dd13a55878777"
        },
        {
          "type": "cssRules",
          "assetId": "MGAad-_nMfUW",
          "checksum": "88724f1c91e98af6583dd13a55878777"
        },
        {
          "type": "renderModule",
          "assetId": "Bhp4su44JpeP",
          "checksum": "e6c85db29e125b7f4f6e996949421277"
        },
        {
          "type": "cssRules",
          "assetId": "Bhp4su44JpeP",
          "checksum": "e6c85db29e125b7f4f6e996949421277"
        },
        {
          "type": "renderModule",
          "assetId": "76Byxvt0f21f",
          "checksum": "fe8ac7d7d541610e350acff56905cf69"
        },
        {
          "type": "cssRules",
          "assetId": "76Byxvt0f21f",
          "checksum": "fe8ac7d7d541610e350acff56905cf69"
        },
        {
          "type": "renderModule",
          "assetId": "PTFjTPQ8SE6c",
          "checksum": "06b99fa49a53aee6f5f8972f778634fe"
        },
        {
          "type": "cssRules",
          "assetId": "PTFjTPQ8SE6c",
          "checksum": "06b99fa49a53aee6f5f8972f778634fe"
        },
        {
          "type": "renderModule",
          "assetId": "M6f8TVuHxw-J",
          "checksum": "b15895ec0433f893e5ffca3a977ca60d"
        },
        {
          "type": "cssRules",
          "assetId": "M6f8TVuHxw-J",
          "checksum": "b15895ec0433f893e5ffca3a977ca60d"
        },
        {
          "type": "icon",
          "assetId": "CgBqLcymFBCF",
          "checksum": "a229d30839da82fbe8dea2e9ac5b3be9"
        },
        {
          "type": "icon",
          "assetId": "YMj6hslVtZDL",
          "checksum": "dca4ab9480364ed28d88f5a2a4a2b13d"
        },
        {
          "type": "icon",
          "assetId": "nEg9FfIgp9AM",
          "checksum": "caa48a5dc1aaddf65bca8ea3be01b4cb"
        },
        {
          "type": "icon",
          "assetId": "j1_vJR3Z6Let",
          "checksum": "7a12c520349c6f7c819483d4ce67cd7f"
        },
        {
          "type": "icon",
          "assetId": "X5cuTmL4JeiK",
          "checksum": "81f2690d6bf43a97d67a6c9a51eada2b"
        },
        {
          "type": "icon",
          "assetId": "Fj3_pwaAADQ8",
          "checksum": "4d8ce1bac45276707cdd19a2c9cdead1"
        },
        {
          "type": "icon",
          "assetId": "wK3DMlMfzzVn",
          "checksum": "9884f9343bf7137553ea79f78eb2e416"
        },
        {
          "type": "icon",
          "assetId": "p55FJ-BRODQI",
          "checksum": "be38a9938e5e934ca1a6757c7ab6b2a7"
        },
        {
          "type": "icon",
          "assetId": "-Hl_WB_vRe_d",
          "checksum": "a4d32864745099c45e42bfcb8f557852"
        },
        {
          "type": "icon",
          "assetId": "weFgsDumIobu",
          "checksum": "1535877abe44c5c00b62ba92a938851f"
        },
        {
          "type": "icon",
          "assetId": "t-zShSNNSTA6",
          "checksum": "ca75839975bd6560b4067050e26ae8be"
        },
        {
          "type": "icon",
          "assetId": "sN7EKKcgAhB7",
          "checksum": "bea11ed2a61720b5f3c7c6a15666a448"
        },
        {
          "type": "image",
          "assetId": "TtvTCWTfDJss",
          "checksum": "6453a974864dcb8278e8ec33072eb500"
        },
        {
          "type": "image",
          "assetId": "MuE9olh_wXMc",
          "checksum": "6373594be01860e334fd572371b7231d"
        },
        {
          "type": "image",
          "assetId": "apwxoCDFgSQ5",
          "checksum": "946d90fee2dd1f8e6b75b1604783eee0"
        },
        {
          "assetId": "4WdhSVfyEYnextDzQgbzVw",
          "type": "projectCss",
          "checksum": "537f026cf2e2c837197c8431218b8542"
        },
        {
          "type": "renderModule",
          "assetId": "rO6wCTk0u2Z1",
          "checksum": "7ea974446f00688e09d36ab3a2dc170e"
        },
        {
          "type": "cssRules",
          "assetId": "rO6wCTk0u2Z1",
          "checksum": "7ea974446f00688e09d36ab3a2dc170e"
        },
        {
          "type": "renderModule",
          "assetId": "TAyIN6nWvCIM",
          "checksum": "36b4f597e8b53212916332d41dc029be"
        },
        {
          "type": "cssRules",
          "assetId": "TAyIN6nWvCIM",
          "checksum": "36b4f597e8b53212916332d41dc029be"
        },
        {
          "type": "image",
          "assetId": "8ub--OGZyqbK",
          "checksum": "0c6ad1118ca9bd4f7667f8521dfaaad7"
        }
      ],
      "codegenVersion": "0.0.1"
    }
  ],
  "cliVersion": "0.1.311"
}
